
Microsoft Visual Studio Solution File, Format Version 12.00
# Visual Studio Version 17
VisualStudioVersion = 17.6.33829.357
MinimumVisualStudioVersion = 10.0.40219.1
Project("{FAE04EC0-301F-11D3-BF4B-00C04F79EFBC}") = "ModuleDemo", "ModuleDemo\ModuleDemo.csproj", "{E80C5163-9411-4923-8EE1-E069F17B88A4}"
EndProject
Global
	GlobalSection(SolutionConfigurationPlatforms) = preSolution
		Debug|Any CPU = Debug|Any CPU
		Release|Any CPU = Release|Any CPU
	EndGlobalSection
	GlobalSection(ProjectConfigurationPlatforms) = postSolution
		{E80C5163-9411-4923-8EE1-E069F17B88A4}.Debug|Any CPU.ActiveCfg = Debug|Any CPU
		{E80C5163-9411-4923-8EE1-E069F17B88A4}.Debug|Any CPU.Build.0 = Debug|Any CPU
		{E80C5163-9411-4923-8EE1-E069F17B88A4}.Release|Any CPU.ActiveCfg = Release|Any CPU
		{E80C5163-9411-4923-8EE1-E069F17B88A4}.Release|Any CPU.Build.0 = Release|Any CPU
	EndGlobalSection
	GlobalSection(SolutionProperties) = preSolution
		HideSolutionNode = FALSE
	EndGlobalSection
	GlobalSection(ExtensibilityGlobals) = postSolution
		SolutionGuid = {4C472C28-8550-4295-ADEE-51F5D16B3633}
	EndGlobalSection
EndGlobal
