
Microsoft Visual Studio Solution File, Format Version 12.00
# Visual Studio Version 17
VisualStudioVersion = 17.6.33829.357
MinimumVisualStudioVersion = 10.0.40219.1
Project("{FAE04EC0-301F-11D3-BF4B-00C04F79EFBC}") = "ProductFileIO", "ProductFileIO\ProductFileIO.csproj", "{6E8FA98B-5D22-4EA0-B965-287BC457B76E}"
EndProject
Global
	GlobalSection(SolutionConfigurationPlatforms) = preSolution
		Debug|Any CPU = Debug|Any CPU
		Release|Any CPU = Release|Any CPU
	EndGlobalSection
	GlobalSection(ProjectConfigurationPlatforms) = postSolution
		{6E8FA98B-5D22-4EA0-B965-287BC457B76E}.Debug|Any CPU.ActiveCfg = Debug|Any CPU
		{6E8FA98B-5D22-4EA0-B965-287BC457B76E}.Debug|Any CPU.Build.0 = Debug|Any CPU
		{6E8FA98B-5D22-4EA0-B965-287BC457B76E}.Release|Any CPU.ActiveCfg = Release|Any CPU
		{6E8FA98B-5D22-4EA0-B965-287BC457B76E}.Release|Any CPU.Build.0 = Release|Any CPU
	EndGlobalSection
	GlobalSection(SolutionProperties) = preSolution
		HideSolutionNode = FALSE
	EndGlobalSection
	GlobalSection(ExtensibilityGlobals) = postSolution
		SolutionGuid = {1B4402FF-8FD3-4EC9-8431-12AC47A71DAF}
	EndGlobalSection
EndGlobal
